
Microsoft Visual Studio Solution File, Format Version 12.00
# Visual Studio Version 16
VisualStudioVersion = 16.0.30523.141
MinimumVisualStudioVersion = 15.0.26124.0
Project("{2150E333-8FDC-42A3-9474-1A3956D46DE8}") = "src", "src", "{E00B60AE-709E-4B77-93A1-84E68CA35E25}"
EndProject
Project("{9A19103F-16F7-4668-BE54-9A1E7A4F7556}") = "Codecool.KitchenManagement", "src\Codecool.KitchenManagement\Codecool.KitchenManagement.csproj", "{106BA3DD-F71A-4B3E-B93F-F5FC6073A11B}"
EndProject
Global
	GlobalSection(SolutionConfigurationPlatforms) = preSolution
		Debug|Any CPU = Debug|Any CPU
		Debug|x64 = Debug|x64
		Debug|x86 = Debug|x86
		Release|Any CPU = Release|Any CPU
		Release|x64 = Release|x64
		Release|x86 = Release|x86
	EndGlobalSection
	GlobalSection(ProjectConfigurationPlatforms) = postSolution
		{106BA3DD-F71A-4B3E-B93F-F5FC6073A11B}.Debug|Any CPU.ActiveCfg = Debug|Any CPU
		{106BA3DD-F71A-4B3E-B93F-F5FC6073A11B}.Debug|Any CPU.Build.0 = Debug|Any CPU
		{106BA3DD-F71A-4B3E-B93F-F5FC6073A11B}.Debug|x64.ActiveCfg = Debug|Any CPU
		{106BA3DD-F71A-4B3E-B93F-F5FC6073A11B}.Debug|x64.Build.0 = Debug|Any CPU
		{106BA3DD-F71A-4B3E-B93F-F5FC6073A11B}.Debug|x86.ActiveCfg = Debug|Any CPU
		{106BA3DD-F71A-4B3E-B93F-F5FC6073A11B}.Debug|x86.Build.0 = Debug|Any CPU
		{106BA3DD-F71A-4B3E-B93F-F5FC6073A11B}.Release|Any CPU.ActiveCfg = Release|Any CPU
		{106BA3DD-F71A-4B3E-B93F-F5FC6073A11B}.Release|Any CPU.Build.0 = Release|Any CPU
		{106BA3DD-F71A-4B3E-B93F-F5FC6073A11B}.Release|x64.ActiveCfg = Release|Any CPU
		{106BA3DD-F71A-4B3E-B93F-F5FC6073A11B}.Release|x64.Build.0 = Release|Any CPU
		{106BA3DD-F71A-4B3E-B93F-F5FC6073A11B}.Release|x86.ActiveCfg = Release|Any CPU
		{106BA3DD-F71A-4B3E-B93F-F5FC6073A11B}.Release|x86.Build.0 = Release|Any CPU
	EndGlobalSection
	GlobalSection(SolutionProperties) = preSolution
		HideSolutionNode = FALSE
	EndGlobalSection
	GlobalSection(NestedProjects) = preSolution
		{106BA3DD-F71A-4B3E-B93F-F5FC6073A11B} = {E00B60AE-709E-4B77-93A1-84E68CA35E25}
	EndGlobalSection
	GlobalSection(ExtensibilityGlobals) = postSolution
		SolutionGuid = {af4c4253-a3d6-4dd8-856d-763ea20b07b2}
	EndGlobalSection
EndGlobal
